
Microsoft Visual Studio Solution File, Format Version 12.00
# Visual Studio Version 17
VisualStudioVersion = 17.4.33213.308
MinimumVisualStudioVersion = 10.0.40219.1
Project("{FAE04EC0-301F-11D3-BF4B-00C04F79EFBC}") = "Lotka-Volterra_2023", "Lotka-Volterra_2023\Lotka-Volterra_2023.csproj", "{B8E0C2F1-DA7E-46A1-B6FD-E20D82CB6C43}"
EndProject
Global
	GlobalSection(SolutionConfigurationPlatforms) = preSolution
		Debug|Any CPU = Debug|Any CPU
		Release|Any CPU = Release|Any CPU
	EndGlobalSection
	GlobalSection(ProjectConfigurationPlatforms) = postSolution
		{B8E0C2F1-DA7E-46A1-B6FD-E20D82CB6C43}.Debug|Any CPU.ActiveCfg = Debug|Any CPU
		{B8E0C2F1-DA7E-46A1-B6FD-E20D82CB6C43}.Debug|Any CPU.Build.0 = Debug|Any CPU
		{B8E0C2F1-DA7E-46A1-B6FD-E20D82CB6C43}.Release|Any CPU.ActiveCfg = Release|Any CPU
		{B8E0C2F1-DA7E-46A1-B6FD-E20D82CB6C43}.Release|Any CPU.Build.0 = Release|Any CPU
	EndGlobalSection
	GlobalSection(SolutionProperties) = preSolution
		HideSolutionNode = FALSE
	EndGlobalSection
	GlobalSection(ExtensibilityGlobals) = postSolution
		SolutionGuid = {C6462A28-7834-4D3A-903D-13E26CFD0B5C}
	EndGlobalSection
EndGlobal
